
Microsoft Visual Studio Solution File, Format Version 12.00
# Visual Studio 2013
VisualStudioVersion = 12.0.31101.0
MinimumVisualStudioVersion = 10.0.40219.1
Project("{FAE04EC0-301F-11D3-BF4B-00C04F79EFBC}") = "MVC.UI", "MVC.UI\MVC.UI.csproj", "{0EE07D59-9704-4F82-9DC3-9D18F8A1BB7C}"
EndProject
Project("{FAE04EC0-301F-11D3-BF4B-00C04F79EFBC}") = "MVC.DAL", "MVC.DAL\MVC.DAL.csproj", "{5AD76E3F-378A-428D-BE87-FA6B856CF6A1}"
EndProject
Project("{FAE04EC0-301F-11D3-BF4B-00C04F79EFBC}") = "MVC.BLL", "MVC.BLL\MVC.BLL.csproj", "{25A0EDB4-C4A4-4DCF-9368-541C6086CA8C}"
EndProject
Project("{FAE04EC0-301F-11D3-BF4B-00C04F79EFBC}") = "MVC.Helper", "MVC.HELPER\MVC.Helper.csproj", "{E097818B-CD6C-449A-9691-6774C453E114}"
EndProject
Project("{FAE04EC0-301F-11D3-BF4B-00C04F79EFBC}") = "MVC.Models", "MVC.Models\MVC.Models.csproj", "{0FC4F0BF-A4E1-403F-B532-832DE21A42E4}"
EndProject
Global
	GlobalSection(SolutionConfigurationPlatforms) = preSolution
		Debug|Any CPU = Debug|Any CPU
		Release|Any CPU = Release|Any CPU
	EndGlobalSection
	GlobalSection(ProjectConfigurationPlatforms) = postSolution
		{0EE07D59-9704-4F82-9DC3-9D18F8A1BB7C}.Debug|Any CPU.ActiveCfg = Debug|Any CPU
		{0EE07D59-9704-4F82-9DC3-9D18F8A1BB7C}.Debug|Any CPU.Build.0 = Debug|Any CPU
		{0EE07D59-9704-4F82-9DC3-9D18F8A1BB7C}.Release|Any CPU.ActiveCfg = Release|Any CPU
		{0EE07D59-9704-4F82-9DC3-9D18F8A1BB7C}.Release|Any CPU.Build.0 = Release|Any CPU
		{5AD76E3F-378A-428D-BE87-FA6B856CF6A1}.Debug|Any CPU.ActiveCfg = Debug|Any CPU
		{5AD76E3F-378A-428D-BE87-FA6B856CF6A1}.Debug|Any CPU.Build.0 = Debug|Any CPU
		{5AD76E3F-378A-428D-BE87-FA6B856CF6A1}.Release|Any CPU.ActiveCfg = Release|Any CPU
		{5AD76E3F-378A-428D-BE87-FA6B856CF6A1}.Release|Any CPU.Build.0 = Release|Any CPU
		{25A0EDB4-C4A4-4DCF-9368-541C6086CA8C}.Debug|Any CPU.ActiveCfg = Debug|Any CPU
		{25A0EDB4-C4A4-4DCF-9368-541C6086CA8C}.Debug|Any CPU.Build.0 = Debug|Any CPU
		{25A0EDB4-C4A4-4DCF-9368-541C6086CA8C}.Release|Any CPU.ActiveCfg = Release|Any CPU
		{25A0EDB4-C4A4-4DCF-9368-541C6086CA8C}.Release|Any CPU.Build.0 = Release|Any CPU
		{E097818B-CD6C-449A-9691-6774C453E114}.Debug|Any CPU.ActiveCfg = Debug|Any CPU
		{E097818B-CD6C-449A-9691-6774C453E114}.Debug|Any CPU.Build.0 = Debug|Any CPU
		{E097818B-CD6C-449A-9691-6774C453E114}.Release|Any CPU.ActiveCfg = Release|Any CPU
		{E097818B-CD6C-449A-9691-6774C453E114}.Release|Any CPU.Build.0 = Release|Any CPU
		{0FC4F0BF-A4E1-403F-B532-832DE21A42E4}.Debug|Any CPU.ActiveCfg = Debug|Any CPU
		{0FC4F0BF-A4E1-403F-B532-832DE21A42E4}.Debug|Any CPU.Build.0 = Debug|Any CPU
		{0FC4F0BF-A4E1-403F-B532-832DE21A42E4}.Release|Any CPU.ActiveCfg = Release|Any CPU
		{0FC4F0BF-A4E1-403F-B532-832DE21A42E4}.Release|Any CPU.Build.0 = Release|Any CPU
	EndGlobalSection
	GlobalSection(SolutionProperties) = preSolution
		HideSolutionNode = FALSE
	EndGlobalSection
EndGlobal
